
Microsoft Visual Studio Solution File, Format Version 12.00
# Visual Studio 15
VisualStudioVersion = 15.0.28307.168
MinimumVisualStudioVersion = 10.0.40219.1
Project("{FAE04EC0-301F-11D3-BF4B-00C04F79EFBC}") = "Kosarka_ITivity_Dejan_Savanovic", "Kosarka_ITivity_Dejan_Savanovic\Kosarka_ITivity_Dejan_Savanovic.csproj", "{0ACD82EF-D896-444B-9B61-600889D8A2D7}"
EndProject
Global
	GlobalSection(SolutionConfigurationPlatforms) = preSolution
		Debug|Any CPU = Debug|Any CPU
		Release|Any CPU = Release|Any CPU
	EndGlobalSection
	GlobalSection(ProjectConfigurationPlatforms) = postSolution
		{0ACD82EF-D896-444B-9B61-600889D8A2D7}.Debug|Any CPU.ActiveCfg = Debug|Any CPU
		{0ACD82EF-D896-444B-9B61-600889D8A2D7}.Debug|Any CPU.Build.0 = Debug|Any CPU
		{0ACD82EF-D896-444B-9B61-600889D8A2D7}.Release|Any CPU.ActiveCfg = Release|Any CPU
		{0ACD82EF-D896-444B-9B61-600889D8A2D7}.Release|Any CPU.Build.0 = Release|Any CPU
	EndGlobalSection
	GlobalSection(SolutionProperties) = preSolution
		HideSolutionNode = FALSE
	EndGlobalSection
	GlobalSection(ExtensibilityGlobals) = postSolution
		SolutionGuid = {16AF63DA-1C65-4A27-B538-0F5F291E905B}
	EndGlobalSection
EndGlobal
